
Microsoft Visual Studio Solution File, Format Version 12.00
# Visual Studio Version 17
VisualStudioVersion = 17.4.33213.308
MinimumVisualStudioVersion = 10.0.40219.1
Project("{FAE04EC0-301F-11D3-BF4B-00C04F79EFBC}") = "ChatRoom", "ChatRoom\ChatRoom.csproj", "{01AE306C-6097-44D5-B94F-61BE0F52E42C}"
EndProject
Global
	GlobalSection(SolutionConfigurationPlatforms) = preSolution
		Debug|Any CPU = Debug|Any CPU
		Release|Any CPU = Release|Any CPU
	EndGlobalSection
	GlobalSection(ProjectConfigurationPlatforms) = postSolution
		{01AE306C-6097-44D5-B94F-61BE0F52E42C}.Debug|Any CPU.ActiveCfg = Debug|Any CPU
		{01AE306C-6097-44D5-B94F-61BE0F52E42C}.Debug|Any CPU.Build.0 = Debug|Any CPU
		{01AE306C-6097-44D5-B94F-61BE0F52E42C}.Release|Any CPU.ActiveCfg = Release|Any CPU
		{01AE306C-6097-44D5-B94F-61BE0F52E42C}.Release|Any CPU.Build.0 = Release|Any CPU
	EndGlobalSection
	GlobalSection(SolutionProperties) = preSolution
		HideSolutionNode = FALSE
	EndGlobalSection
	GlobalSection(ExtensibilityGlobals) = postSolution
		SolutionGuid = {E160AB70-A1D1-4194-A901-2909E3C641CE}
	EndGlobalSection
EndGlobal
